
Microsoft Visual Studio Solution File, Format Version 12.00
# Visual Studio Version 17
VisualStudioVersion = 17.3.32819.101
MinimumVisualStudioVersion = 10.0.40219.1
Project("{9A19103F-16F7-4668-BE54-9A1E7A4F7556}") = "ColourClashNet", "ColourClashNet\ColourClashNet.csproj", "{C057D6A1-6683-43C5-B162-FD7422D3A3CA}"
EndProject
Project("{FAE04EC0-301F-11D3-BF4B-00C04F79EFBC}") = "ColourClashLib", "ColourClashLib\ColourClashLib.csproj", "{E8DD46AE-27FF-425A-90B5-3FE49EEFAB42}"
EndProject
Project("{FAE04EC0-301F-11D3-BF4B-00C04F79EFBC}") = "ColourClashSupport", "ColourClashSupport\ColourClashSupport.csproj", "{8A702A6E-0BAA-5FAB-00C2-5A5B342E8BE4}"
EndProject
Project("{FAE04EC0-301F-11D3-BF4B-00C04F79EFBC}") = "ModuleTester", "ModuleTester\ModuleTester.csproj", "{0AB50823-BDB4-480B-837A-5A43348667E8}"
EndProject
Global
	GlobalSection(SolutionConfigurationPlatforms) = preSolution
		Debug|Any CPU = Debug|Any CPU
		Release|Any CPU = Release|Any CPU
	EndGlobalSection
	GlobalSection(ProjectConfigurationPlatforms) = postSolution
		{C057D6A1-6683-43C5-B162-FD7422D3A3CA}.Debug|Any CPU.ActiveCfg = Debug|Any CPU
		{C057D6A1-6683-43C5-B162-FD7422D3A3CA}.Debug|Any CPU.Build.0 = Debug|Any CPU
		{C057D6A1-6683-43C5-B162-FD7422D3A3CA}.Release|Any CPU.ActiveCfg = Release|Any CPU
		{C057D6A1-6683-43C5-B162-FD7422D3A3CA}.Release|Any CPU.Build.0 = Release|Any CPU
		{E8DD46AE-27FF-425A-90B5-3FE49EEFAB42}.Debug|Any CPU.ActiveCfg = Debug|Any CPU
		{E8DD46AE-27FF-425A-90B5-3FE49EEFAB42}.Debug|Any CPU.Build.0 = Debug|Any CPU
		{E8DD46AE-27FF-425A-90B5-3FE49EEFAB42}.Release|Any CPU.ActiveCfg = Release|Any CPU
		{E8DD46AE-27FF-425A-90B5-3FE49EEFAB42}.Release|Any CPU.Build.0 = Release|Any CPU
		{8A702A6E-0BAA-5FAB-00C2-5A5B342E8BE4}.Debug|Any CPU.ActiveCfg = Debug|Any CPU
		{8A702A6E-0BAA-5FAB-00C2-5A5B342E8BE4}.Debug|Any CPU.Build.0 = Debug|Any CPU
		{8A702A6E-0BAA-5FAB-00C2-5A5B342E8BE4}.Release|Any CPU.ActiveCfg = Release|Any CPU
		{8A702A6E-0BAA-5FAB-00C2-5A5B342E8BE4}.Release|Any CPU.Build.0 = Release|Any CPU
		{0AB50823-BDB4-480B-837A-5A43348667E8}.Debug|Any CPU.ActiveCfg = Debug|Any CPU
		{0AB50823-BDB4-480B-837A-5A43348667E8}.Debug|Any CPU.Build.0 = Debug|Any CPU
		{0AB50823-BDB4-480B-837A-5A43348667E8}.Release|Any CPU.ActiveCfg = Release|Any CPU
		{0AB50823-BDB4-480B-837A-5A43348667E8}.Release|Any CPU.Build.0 = Release|Any CPU
	EndGlobalSection
	GlobalSection(SolutionProperties) = preSolution
		HideSolutionNode = FALSE
	EndGlobalSection
	GlobalSection(ExtensibilityGlobals) = postSolution
		SolutionGuid = {9AAB4690-1FB3-4053-8561-6593844B4896}
	EndGlobalSection
EndGlobal
